// !$*UTF8*$!
{
	archiveVersion = 1;
	classes = {
	};
	objectVersion = 50;
	objects = {

/* Begin PBXBuildFile section */
		EDC2CFAB26A1E5C20013EEB2 /* LayoutAndGeometryApp.swift in Sources */ = {isa = PBXBuildFile; fileRef = EDC2CFAA26A1E5C20013EEB2 /* LayoutAndGeometryApp.swift */; };
		EDC2CFAD26A1E5C20013EEB2 /* ContentView.swift in Sources */ = {isa = PBXBuildFile; fileRef = EDC2CFAC26A1E5C20013EEB2 /* ContentView.swift */; };
		EDC2CFAF26A1E5C30013EEB2 /* Assets.xcassets in Resources */ = {isa = PBXBuildFile; fileRef = EDC2CFAE26A1E5C30013EEB2 /* Assets.xcassets */; };
		EDC2CFB226A1E5C30013EEB2 /* Preview Assets.xcassets in Resources */ = {isa = PBXBuildFile; fileRef = EDC2CFB126A1E5C30013EEB2 /* Preview Assets.xcassets */; };
		EDC2CFBA26A28B960013EEB2 /* Lesson2a.swift in Sources */ = {isa = PBXBuildFile; fileRef = EDC2CFB926A28B960013EEB2 /* Lesson2a.swift */; };
		EDC2CFBC26A28D4A0013EEB2 /* Lesson2b.swift in Sources */ = {isa = PBXBuildFile; fileRef = EDC2CFBB26A28D4A0013EEB2 /* Lesson2b.swift */; };
		EDC2CFBE26A2901F0013EEB2 /* Lesson2c.swift in Sources */ = {isa = PBXBuildFile; fileRef = EDC2CFBD26A2901F0013EEB2 /* Lesson2c.swift */; };
		EDC2CFC026A292870013EEB2 /* Lesson2d.swift in Sources */ = {isa = PBXBuildFile; fileRef = EDC2CFBF26A292870013EEB2 /* Lesson2d.swift */; };
		EDC2CFC226A293DB0013EEB2 /* Lesson3a.swift in Sources */ = {isa = PBXBuildFile; fileRef = EDC2CFC126A293DB0013EEB2 /* Lesson3a.swift */; };
		EDC2CFC526A2B9EC0013EEB2 /* Lesson4a.swift in Sources */ = {isa = PBXBuildFile; fileRef = EDC2CFC426A2B9EC0013EEB2 /* Lesson4a.swift */; };
		EDC2CFC726A2BCCB0013EEB2 /* Lesson5a.swift in Sources */ = {isa = PBXBuildFile; fileRef = EDC2CFC626A2BCCB0013EEB2 /* Lesson5a.swift */; };
		EDC2CFC926A2C3090013EEB2 /* Lesson6b.swift in Sources */ = {isa = PBXBuildFile; fileRef = EDC2CFC826A2C3090013EEB2 /* Lesson6b.swift */; };
		EDC2CFCB26A2C6A80013EEB2 /* Lesson7a.swift in Sources */ = {isa = PBXBuildFile; fileRef = EDC2CFCA26A2C6A80013EEB2 /* Lesson7a.swift */; };
		EDC2CFCD26A2C92F0013EEB2 /* Lesson7b.swift in Sources */ = {isa = PBXBuildFile; fileRef = EDC2CFCC26A2C92F0013EEB2 /* Lesson7b.swift */; };
/* End PBXBuildFile section */

/* Begin PBXFileReference section */
		EDC2CFA726A1E5C20013EEB2 /* LayoutAndGeometry.app */ = {isa = PBXFileReference; explicitFileType = wrapper.application; includeInIndex = 0; path = LayoutAndGeometry.app; sourceTree = BUILT_PRODUCTS_DIR; };
		EDC2CFAA26A1E5C20013EEB2 /* LayoutAndGeometryApp.swift */ = {isa = PBXFileReference; lastKnownFileType = sourcecode.swift; path = LayoutAndGeometryApp.swift; sourceTree = "<group>"; };
		EDC2CFAC26A1E5C20013EEB2 /* ContentView.swift */ = {isa = PBXFileReference; lastKnownFileType = sourcecode.swift; path = ContentView.swift; sourceTree = "<group>"; };
		EDC2CFAE26A1E5C30013EEB2 /* Assets.xcassets */ = {isa = PBXFileReference; lastKnownFileType = folder.assetcatalog; path = Assets.xcassets; sourceTree = "<group>"; };
		EDC2CFB126A1E5C30013EEB2 /* Preview Assets.xcassets */ = {isa = PBXFileReference; lastKnownFileType = folder.assetcatalog; path = "Preview Assets.xcassets"; sourceTree = "<group>"; };
		EDC2CFB326A1E5C30013EEB2 /* Info.plist */ = {isa = PBXFileReference; lastKnownFileType = text.plist.xml; path = Info.plist; sourceTree = "<group>"; };
		EDC2CFB926A28B960013EEB2 /* Lesson2a.swift */ = {isa = PBXFileReference; lastKnownFileType = sourcecode.swift; path = Lesson2a.swift; sourceTree = "<group>"; };
		EDC2CFBB26A28D4A0013EEB2 /* Lesson2b.swift */ = {isa = PBXFileReference; lastKnownFileType = sourcecode.swift; path = Lesson2b.swift; sourceTree = "<group>"; };
		EDC2CFBD26A2901F0013EEB2 /* Lesson2c.swift */ = {isa = PBXFileReference; lastKnownFileType = sourcecode.swift; path = Lesson2c.swift; sourceTree = "<group>"; };
		EDC2CFBF26A292870013EEB2 /* Lesson2d.swift */ = {isa = PBXFileReference; lastKnownFileType = sourcecode.swift; path = Lesson2d.swift; sourceTree = "<group>"; };
		EDC2CFC126A293DB0013EEB2 /* Lesson3a.swift */ = {isa = PBXFileReference; lastKnownFileType = sourcecode.swift; path = Lesson3a.swift; sourceTree = "<group>"; };
		EDC2CFC426A2B9EC0013EEB2 /* Lesson4a.swift */ = {isa = PBXFileReference; lastKnownFileType = sourcecode.swift; path = Lesson4a.swift; sourceTree = "<group>"; };
		EDC2CFC626A2BCCB0013EEB2 /* Lesson5a.swift */ = {isa = PBXFileReference; lastKnownFileType = sourcecode.swift; path = Lesson5a.swift; sourceTree = "<group>"; };
		EDC2CFC826A2C3090013EEB2 /* Lesson6b.swift */ = {isa = PBXFileReference; lastKnownFileType = sourcecode.swift; path = Lesson6b.swift; sourceTree = "<group>"; };
		EDC2CFCA26A2C6A80013EEB2 /* Lesson7a.swift */ = {isa = PBXFileReference; lastKnownFileType = sourcecode.swift; path = Lesson7a.swift; sourceTree = "<group>"; };
		EDC2CFCC26A2C92F0013EEB2 /* Lesson7b.swift */ = {isa = PBXFileReference; lastKnownFileType = sourcecode.swift; path = Lesson7b.swift; sourceTree = "<group>"; };
/* End PBXFileReference section */

/* Begin PBXFrameworksBuildPhase section */
		EDC2CFA426A1E5C20013EEB2 /* Frameworks */ = {
			isa = PBXFrameworksBuildPhase;
			buildActionMask = 2147483647;
			files = (
			);
			runOnlyForDeploymentPostprocessing = 0;
		};
/* End PBXFrameworksBuildPhase section */

/* Begin PBXGroup section */
		EDC2CF9E26A1E5C20013EEB2 = {
			isa = PBXGroup;
			children = (
				EDC2CFA926A1E5C20013EEB2 /* LayoutAndGeometry */,
				EDC2CFA826A1E5C20013EEB2 /* Products */,
			);
			sourceTree = "<group>";
		};
		EDC2CFA826A1E5C20013EEB2 /* Products */ = {
			isa = PBXGroup;
			children = (
				EDC2CFA726A1E5C20013EEB2 /* LayoutAndGeometry.app */,
			);
			name = Products;
			sourceTree = "<group>";
		};
		EDC2CFA926A1E5C20013EEB2 /* LayoutAndGeometry */ = {
			isa = PBXGroup;
			children = (
				EDC2CFAA26A1E5C20013EEB2 /* LayoutAndGeometryApp.swift */,
				EDC2CFAC26A1E5C20013EEB2 /* ContentView.swift */,
				EDC2CFC326A2B9B10013EEB2 /* Lesson2 */,
				EDC2CFC126A293DB0013EEB2 /* Lesson3a.swift */,
				EDC2CFC426A2B9EC0013EEB2 /* Lesson4a.swift */,
				EDC2CFC626A2BCCB0013EEB2 /* Lesson5a.swift */,
				EDC2CFC826A2C3090013EEB2 /* Lesson6b.swift */,
				EDC2CFCA26A2C6A80013EEB2 /* Lesson7a.swift */,
				EDC2CFCC26A2C92F0013EEB2 /* Lesson7b.swift */,
				EDC2CFAE26A1E5C30013EEB2 /* Assets.xcassets */,
				EDC2CFB326A1E5C30013EEB2 /* Info.plist */,
				EDC2CFB026A1E5C30013EEB2 /* Preview Content */,
			);
			path = LayoutAndGeometry;
			sourceTree = "<group>";
		};
		EDC2CFB026A1E5C30013EEB2 /* Preview Content */ = {
			isa = PBXGroup;
			children = (
				EDC2CFB126A1E5C30013EEB2 /* Preview Assets.xcassets */,
			);
			path = "Preview Content";
			sourceTree = "<group>";
		};
		EDC2CFC326A2B9B10013EEB2 /* Lesson2 */ = {
			isa = PBXGroup;
			children = (
				EDC2CFB926A28B960013EEB2 /* Lesson2a.swift */,
				EDC2CFBB26A28D4A0013EEB2 /* Lesson2b.swift */,
				EDC2CFBD26A2901F0013EEB2 /* Lesson2c.swift */,
				EDC2CFBF26A292870013EEB2 /* Lesson2d.swift */,
			);
			path = Lesson2;
			sourceTree = "<group>";
		};
/* End PBXGroup section */

/* Begin PBXNativeTarget section */
		EDC2CFA626A1E5C20013EEB2 /* LayoutAndGeometry */ = {
			isa = PBXNativeTarget;
			buildConfigurationList = EDC2CFB626A1E5C30013EEB2 /* Build configuration list for PBXNativeTarget "LayoutAndGeometry" */;
			buildPhases = (
				EDC2CFA326A1E5C20013EEB2 /* Sources */,
				EDC2CFA426A1E5C20013EEB2 /* Frameworks */,
				EDC2CFA526A1E5C20013EEB2 /* Resources */,
			);
			buildRules = (
			);
			dependencies = (
			);
			name = LayoutAndGeometry;
			productName = LayoutAndGeometry;
			productReference = EDC2CFA726A1E5C20013EEB2 /* LayoutAndGeometry.app */;
			productType = "com.apple.product-type.application";
		};
/* End PBXNativeTarget section */

/* Begin PBXProject section */
		EDC2CF9F26A1E5C20013EEB2 /* Project object */ = {
			isa = PBXProject;
			attributes = {
				LastSwiftUpdateCheck = 1250;
				LastUpgradeCheck = 1250;
				TargetAttributes = {
					EDC2CFA626A1E5C20013EEB2 = {
						CreatedOnToolsVersion = 12.5.1;
					};
				};
			};
			buildConfigurationList = EDC2CFA226A1E5C20013EEB2 /* Build configuration list for PBXProject "LayoutAndGeometry" */;
			compatibilityVersion = "Xcode 9.3";
			developmentRegion = en;
			hasScannedForEncodings = 0;
			knownRegions = (
				en,
				Base,
			);
			mainGroup = EDC2CF9E26A1E5C20013EEB2;
			productRefGroup = EDC2CFA826A1E5C20013EEB2 /* Products */;
			projectDirPath = "";
			projectRoot = "";
			targets = (
				EDC2CFA626A1E5C20013EEB2 /* LayoutAndGeometry */,
			);
		};
/* End PBXProject section */

/* Begin PBXResourcesBuildPhase section */
		EDC2CFA526A1E5C20013EEB2 /* Resources */ = {
			isa = PBXResourcesBuildPhase;
			buildActionMask = 2147483647;
			files = (
				EDC2CFB226A1E5C30013EEB2 /* Preview Assets.xcassets in Resources */,
				EDC2CFAF26A1E5C30013EEB2 /* Assets.xcassets in Resources */,
			);
			runOnlyForDeploymentPostprocessing = 0;
		};
/* End PBXResourcesBuildPhase section */

/* Begin PBXSourcesBuildPhase section */
		EDC2CFA326A1E5C20013EEB2 /* Sources */ = {
			isa = PBXSourcesBuildPhase;
			buildActionMask = 2147483647;
			files = (
				EDC2CFBA26A28B960013EEB2 /* Lesson2a.swift in Sources */,
				EDC2CFBE26A2901F0013EEB2 /* Lesson2c.swift in Sources */,
				EDC2CFC526A2B9EC0013EEB2 /* Lesson4a.swift in Sources */,
				EDC2CFBC26A28D4A0013EEB2 /* Lesson2b.swift in Sources */,
				EDC2CFAD26A1E5C20013EEB2 /* ContentView.swift in Sources */,
				EDC2CFAB26A1E5C20013EEB2 /* LayoutAndGeometryApp.swift in Sources */,
				EDC2CFCD26A2C92F0013EEB2 /* Lesson7b.swift in Sources */,
				EDC2CFC226A293DB0013EEB2 /* Lesson3a.swift in Sources */,
				EDC2CFC926A2C3090013EEB2 /* Lesson6b.swift in Sources */,
				EDC2CFCB26A2C6A80013EEB2 /* Lesson7a.swift in Sources */,
				EDC2CFC026A292870013EEB2 /* Lesson2d.swift in Sources */,
				EDC2CFC726A2BCCB0013EEB2 /* Lesson5a.swift in Sources */,
			);
			runOnlyForDeploymentPostprocessing = 0;
		};
/* End PBXSourcesBuildPhase section */

/* Begin XCBuildConfiguration section */
		EDC2CFB426A1E5C30013EEB2 /* Debug */ = {
			isa = XCBuildConfiguration;
			buildSettings = {
				ALWAYS_SEARCH_USER_PATHS = NO;
				CLANG_ANALYZER_NONNULL = YES;
				CLANG_ANALYZER_NUMBER_OBJECT_CONVERSION = YES_AGGRESSIVE;
				CLANG_CXX_LANGUAGE_STANDARD = "gnu++14";
				CLANG_CXX_LIBRARY = "libc++";
				CLANG_ENABLE_MODULES = YES;
				CLANG_ENABLE_OBJC_ARC = YES;
				CLANG_ENABLE_OBJC_WEAK = YES;
				CLANG_WARN_BLOCK_CAPTURE_AUTORELEASING = YES;
				CLANG_WARN_BOOL_CONVERSION = YES;
				CLANG_WARN_COMMA = YES;
				CLANG_WARN_CONSTANT_CONVERSION = YES;
				CLANG_WARN_DEPRECATED_OBJC_IMPLEMENTATIONS = YES;
				CLANG_WARN_DIRECT_OBJC_ISA_USAGE = YES_ERROR;
				CLANG_WARN_DOCUMENTATION_COMMENTS = YES;
				CLANG_WARN_EMPTY_BODY = YES;
				CLANG_WARN_ENUM_CONVERSION = YES;
				CLANG_WARN_INFINITE_RECURSION = YES;
				CLANG_WARN_INT_CONVERSION = YES;
				CLANG_WARN_NON_LITERAL_NULL_CONVERSION = YES;
				CLANG_WARN_OBJC_IMPLICIT_RETAIN_SELF = YES;
				CLANG_WARN_OBJC_LITERAL_CONVERSION = YES;
				CLANG_WARN_OBJC_ROOT_CLASS = YES_ERROR;
				CLANG_WARN_QUOTED_INCLUDE_IN_FRAMEWORK_HEADER = YES;
				CLANG_WARN_RANGE_LOOP_ANALYSIS = YES;
				CLANG_WARN_STRICT_PROTOTYPES = YES;
				CLANG_WARN_SUSPICIOUS_MOVE = YES;
				CLANG_WARN_UNGUARDED_AVAILABILITY = YES_AGGRESSIVE;
				CLANG_WARN_UNREACHABLE_CODE = YES;
				CLANG_WARN__DUPLICATE_METHOD_MATCH = YES;
				COPY_PHASE_STRIP = NO;
				DEBUG_INFORMATION_FORMAT = dwarf;
				ENABLE_STRICT_OBJC_MSGSEND = YES;
				ENABLE_TESTABILITY = YES;
				GCC_C_LANGUAGE_STANDARD = gnu11;
				GCC_DYNAMIC_NO_PIC = NO;
				GCC_NO_COMMON_BLOCKS = YES;
				GCC_OPTIMIZATION_LEVEL = 0;
				GCC_PREPROCESSOR_DEFINITIONS = (
					"DEBUG=1",
					"$(inherited)",
				);
				GCC_WARN_64_TO_32_BIT_CONVERSION = YES;
				GCC_WARN_ABOUT_RETURN_TYPE = YES_ERROR;
				GCC_WARN_UNDECLARED_SELECTOR = YES;
				GCC_WARN_UNINITIALIZED_AUTOS = YES_AGGRESSIVE;
				GCC_WARN_UNUSED_FUNCTION = YES;
				GCC_WARN_UNUSED_VARIABLE = YES;
				IPHONEOS_DEPLOYMENT_TARGET = 14.5;
				MTL_ENABLE_DEBUG_INFO = INCLUDE_SOURCE;
				MTL_FAST_MATH = YES;
				ONLY_ACTIVE_ARCH = YES;
				SDKROOT = iphoneos;
				SWIFT_ACTIVE_COMPILATION_CONDITIONS = DEBUG;
				SWIFT_OPTIMIZATION_LEVEL = "-Onone";
			};
			name = Debug;
		};
		EDC2CFB526A1E5C30013EEB2 /* Release */ = {
			isa = XCBuildConfiguration;
			buildSettings = {
				ALWAYS_SEARCH_USER_PATHS = NO;
				CLANG_ANALYZER_NONNULL = YES;
				CLANG_ANALYZER_NUMBER_OBJECT_CONVERSION = YES_AGGRESSIVE;
				CLANG_CXX_LANGUAGE_STANDARD = "gnu++14";
				CLANG_CXX_LIBRARY = "libc++";
				CLANG_ENABLE_MODULES = YES;
				CLANG_ENABLE_OBJC_ARC = YES;
				CLANG_ENABLE_OBJC_WEAK = YES;
				CLANG_WARN_BLOCK_CAPTURE_AUTORELEASING = YES;
				CLANG_WARN_BOOL_CONVERSION = YES;
				CLANG_WARN_COMMA = YES;
				CLANG_WARN_CONSTANT_CONVERSION = YES;
				CLANG_WARN_DEPRECATED_OBJC_IMPLEMENTATIONS = YES;
				CLANG_WARN_DIRECT_OBJC_ISA_USAGE = YES_ERROR;
				CLANG_WARN_DOCUMENTATION_COMMENTS = YES;
				CLANG_WARN_EMPTY_BODY = YES;
				CLANG_WARN_ENUM_CONVERSION = YES;
				CLANG_WARN_INFINITE_RECURSION = YES;
				CLANG_WARN_INT_CONVERSION = YES;
				CLANG_WARN_NON_LITERAL_NULL_CONVERSION = YES;
				CLANG_WARN_OBJC_IMPLICIT_RETAIN_SELF = YES;
				CLANG_WARN_OBJC_LITERAL_CONVERSION = YES;
				CLANG_WARN_OBJC_ROOT_CLASS = YES_ERROR;
				CLANG_WARN_QUOTED_INCLUDE_IN_FRAMEWORK_HEADER = YES;
				CLANG_WARN_RANGE_LOOP_ANALYSIS = YES;
				CLANG_WARN_STRICT_PROTOTYPES = YES;
				CLANG_WARN_SUSPICIOUS_MOVE = YES;
				CLANG_WARN_UNGUARDED_AVAILABILITY = YES_AGGRESSIVE;
				CLANG_WARN_UNREACHABLE_CODE = YES;
				CLANG_WARN__DUPLICATE_METHOD_MATCH = YES;
				COPY_PHASE_STRIP = NO;
				DEBUG_INFORMATION_FORMAT = "dwarf-with-dsym";
				ENABLE_NS_ASSERTIONS = NO;
				ENABLE_STRICT_OBJC_MSGSEND = YES;
				GCC_C_LANGUAGE_STANDARD = gnu11;
				GCC_NO_COMMON_BLOCKS = YES;
				GCC_WARN_64_TO_32_BIT_CONVERSION = YES;
				GCC_WARN_ABOUT_RETURN_TYPE = YES_ERROR;
				GCC_WARN_UNDECLARED_SELECTOR = YES;
				GCC_WARN_UNINITIALIZED_AUTOS = YES_AGGRESSIVE;
				GCC_WARN_UNUSED_FUNCTION = YES;
				GCC_WARN_UNUSED_VARIABLE = YES;
				IPHONEOS_DEPLOYMENT_TARGET = 14.5;
				MTL_ENABLE_DEBUG_INFO = NO;
				MTL_FAST_MATH = YES;
				SDKROOT = iphoneos;
				SWIFT_COMPILATION_MODE = wholemodule;
				SWIFT_OPTIMIZATION_LEVEL = "-O";
				VALIDATE_PRODUCT = YES;
			};
			name = Release;
		};
		EDC2CFB726A1E5C30013EEB2 /* Debug */ = {
			isa = XCBuildConfiguration;
			buildSettings = {
				ASSETCATALOG_COMPILER_APPICON_NAME = AppIcon;
				ASSETCATALOG_COMPILER_GLOBAL_ACCENT_COLOR_NAME = AccentColor;
				CODE_SIGN_STYLE = Automatic;
				DEVELOPMENT_ASSET_PATHS = "\"LayoutAndGeometry/Preview Content\"";
				DEVELOPMENT_TEAM = AF683JF56Y;
				ENABLE_PREVIEWS = YES;
				INFOPLIST_FILE = LayoutAndGeometry/Info.plist;
				IPHONEOS_DEPLOYMENT_TARGET = 14.0;
				LD_RUNPATH_SEARCH_PATHS = (
					"$(inherited)",
					"@executable_path/Frameworks",
				);
				PRODUCT_BUNDLE_IDENTIFIER = com.alvarovs.LayoutAndGeometry;
				PRODUCT_NAME = "$(TARGET_NAME)";
				SWIFT_VERSION = 5.0;
				TARGETED_DEVICE_FAMILY = "1,2";
			};
			name = Debug;
		};
		EDC2CFB826A1E5C30013EEB2 /* Release */ = {
			isa = XCBuildConfiguration;
			buildSettings = {
				ASSETCATALOG_COMPILER_APPICON_NAME = AppIcon;
				ASSETCATALOG_COMPILER_GLOBAL_ACCENT_COLOR_NAME = AccentColor;
				CODE_SIGN_STYLE = Automatic;
				DEVELOPMENT_ASSET_PATHS = "\"LayoutAndGeometry/Preview Content\"";
				DEVELOPMENT_TEAM = AF683JF56Y;
				ENABLE_PREVIEWS = YES;
				INFOPLIST_FILE = LayoutAndGeometry/Info.plist;
				IPHONEOS_DEPLOYMENT_TARGET = 14.0;
				LD_RUNPATH_SEARCH_PATHS = (
					"$(inherited)",
					"@executable_path/Frameworks",
				);
				PRODUCT_BUNDLE_IDENTIFIER = com.alvarovs.LayoutAndGeometry;
				PRODUCT_NAME = "$(TARGET_NAME)";
				SWIFT_VERSION = 5.0;
				TARGETED_DEVICE_FAMILY = "1,2";
			};
			name = Release;
		};
/* End XCBuildConfiguration section */

/* Begin XCConfigurationList section */
		EDC2CFA226A1E5C20013EEB2 /* Build configuration list for PBXProject "LayoutAndGeometry" */ = {
			isa = XCConfigurationList;
			buildConfigurations = (
				EDC2CFB426A1E5C30013EEB2 /* Debug */,
				EDC2CFB526A1E5C30013EEB2 /* Release */,
			);
			defaultConfigurationIsVisible = 0;
			defaultConfigurationName = Release;
		};
		EDC2CFB626A1E5C30013EEB2 /* Build configuration list for PBXNativeTarget "LayoutAndGeometry" */ = {
			isa = XCConfigurationList;
			buildConfigurations = (
				EDC2CFB726A1E5C30013EEB2 /* Debug */,
				EDC2CFB826A1E5C30013EEB2 /* Release */,
			);
			defaultConfigurationIsVisible = 0;
			defaultConfigurationName = Release;
		};
/* End XCConfigurationList section */
	};
	rootObject = EDC2CF9F26A1E5C20013EEB2 /* Project object */;
}
